github.com/zhangyiming748/GetAllFolder v0.0.4 h1:M/4hcVbrdEk+UWkPn8X5IU0GROjuhjnP1rnExeduuto=
github.com/zhangyiming748/GetAllFolder v0.0.4/go.mod h1:+cE9hTimGdddHGYy5vCyXhrceTWtgh0lwL1FR1newuI=
github.com/zhangyiming748/GetFileInfo v0.0.6 h1:s3d4ysTaCzB4vQHKrlQkE20yRzNMxLjbEfiLnFrznZM=
github.com/zhangyiming748/GetFileInfo v0.0.6/go.mod h1:sOF64yo9TxOc4O8DUDntIJOZgzeHj4TFIsiFbBpkWfA=
github.com/zhangyiming748/log v0.0.4 h1:p7odR9pA7ZV+OJuaXXhK5OeipKpQGF6VYnhCy16BO3Q=
github.com/zhangyiming748/log v0.0.4/go.mod h1:0AuXMXYc1C1Q1nH2H4vipsrOTfANNf4oaZtDcT2GKk4=
github.com/zhangyiming748/replace v0.0.5 h1:3Rw4zZEUDL9ehoRYRpcStpT6U0dHdNWpvE+K0SdRBKI=
github.com/zhangyiming748/replace v0.0.5/go.mod h1:R3otYn+0qxaHOVaz0LafMwoDjhTexJijrLgfcDyOYCQ=
github.com/zhangyiming748/voiceAlert v0.0.11 h1:A9SUa5onv5zKxdZF/0sYKg/AipZjwHNOqvp7kAQ/cc4=
github.com/zhangyiming748/voiceAlert v0.0.11/go.mod h1:3Sm9UIT7GLeq3w/zRWxHFQd9RieDN1j00p7dIUTSc94=
